
Microsoft Visual Studio Solution File, Format Version 12.00
# Visual Studio 14
VisualStudioVersion = 14.0.23107.0
MinimumVisualStudioVersion = 10.0.40219.1
Project("{F2A71F9B-5D33-465A-A702-920D77279786}") = "RomanNumeralsKata.Tests", "RomanNumeralsKata.Tests\RomanNumeralsKata.Tests.fsproj", "{74E392BE-6B73-4D09-B51D-5F95611AD382}"
EndProject
Project("{F2A71F9B-5D33-465A-A702-920D77279786}") = "RomanNumeralsKata", "RomanNumeralsKata\RomanNumeralsKata.fsproj", "{2E46DF3C-FD06-47D8-8A33-445153A46443}"
EndProject
Global
	GlobalSection(SolutionConfigurationPlatforms) = preSolution
		Debug|Any CPU = Debug|Any CPU
		Release|Any CPU = Release|Any CPU
	EndGlobalSection
	GlobalSection(ProjectConfigurationPlatforms) = postSolution
		{74E392BE-6B73-4D09-B51D-5F95611AD382}.Debug|Any CPU.ActiveCfg = Debug|Any CPU
		{74E392BE-6B73-4D09-B51D-5F95611AD382}.Debug|Any CPU.Build.0 = Debug|Any CPU
		{74E392BE-6B73-4D09-B51D-5F95611AD382}.Release|Any CPU.ActiveCfg = Release|Any CPU
		{74E392BE-6B73-4D09-B51D-5F95611AD382}.Release|Any CPU.Build.0 = Release|Any CPU
		{2E46DF3C-FD06-47D8-8A33-445153A46443}.Debug|Any CPU.ActiveCfg = Debug|Any CPU
		{2E46DF3C-FD06-47D8-8A33-445153A46443}.Debug|Any CPU.Build.0 = Debug|Any CPU
		{2E46DF3C-FD06-47D8-8A33-445153A46443}.Release|Any CPU.ActiveCfg = Release|Any CPU
		{2E46DF3C-FD06-47D8-8A33-445153A46443}.Release|Any CPU.Build.0 = Release|Any CPU
	EndGlobalSection
	GlobalSection(SolutionProperties) = preSolution
		HideSolutionNode = FALSE
	EndGlobalSection
EndGlobal
